github.com/buaazp/fasthttprouter v0.1.1 h1:4oAnN0C3xZjylvZJdP35cxfclyn4TYkW6Y+DSvS+h8Q=
github.com/buaazp/fasthttprouter v0.1.1/go.mod h1:h/Ap5oRVLeItGKTVBb+heQPks+HdIUtGmI4H5WCYijM=
github.com/clbanning/mxj v1.8.2 h1:KBWvavOh0B3laROMyum5QODKHVA8RkTZGyO1SrgJkRI=
github.com/clbanning/mxj v1.8.2/go.mod h1:BVjHeAH+rl9rs6f+QIpeRl0tfu10SXn1pUSa5PVGJng=
github.com/fasthttp-contrib/sessions v0.0.0-20160905201309-74f6ac73d5d5 h1:M4CVMQ5ueVmGZAtkW2bsO+ftesCYpfxl27JTqtzKBzE=
github.com/fasthttp-contrib/sessions v0.0.0-20160905201309-74f6ac73d5d5/go.mod h1:MQXNGeXkpojWTxbN7vXoE3f7EmlA11MlJbsrJpVBINA=
github.com/klauspost/compress v1.4.0 h1:8nsMz3tWa9SWWPL60G1V6CUsf4lLjWLTNEtibhe8gh8=
github.com/klauspost/compress v1.4.0/go.mod h1:RyIbtBH6LamlWaDj8nUwkbUhJ87Yi3uG0guNDohfE1A=
github.com/klauspost/cpuid v0.0.0-20170728055534-ae7887de9fa5 h1:2U0HzY8BJ8hVwDKIzp7y4voR9CX/nvcfymLmg2UiOio=
github.com/klauspost/cpuid v0.0.0-20170728055534-ae7887de9fa5/go.mod h1:Pj4uuM528wm8OyEC2QMXAi2YiTZ96dNQPGgoMS4s3ek=
github.com/patrickmn/go-cache v2.1.0+incompatible h1:HRMgzkcYKYpi3C8ajMPV8OFXaaRUnok+kx1WdO15EQc=
github.com/patrickmn/go-cache v2.1.0+incompatible/go.mod h1:3Qf8kWWT7OJRJbdiICTKqZju1ZixQ/KpMGzzAfe6+WQ=
github.com/raggaer/bison v0.0.0-20181029005320-a37b18f60c42 h1:jvY6mO7fAaY21Gi+rS4o30FdOCBnj4+mQs5lmVqJukY=
github.com/raggaer/bison v0.0.0-20181029005320-a37b18f60c42/go.mod h1:ErOzW5EVy5NiEtglPlPpRpzW5MSjoUQQKlXzEy7LtbY=
github.com/valyala/bytebufferpool v1.0.0 h1:GqA5TC/0021Y/b9FG4Oi9Mr3q7XYx6KllzawFIhcdPw=
github.com/valyala/bytebufferpool v1.0.0/go.mod h1:6bBcMArwyJ5K/AmCkWv1jt77kVWyCJ6HpOuEn7z0Csc=
github.com/valyala/fasthttp v0.0.0-20171207120941-e5f51c11919d h1:pAXG0woN37FQD08beB53orVchWU97qUUdjKtSuMGqi4=
github.com/valyala/fasthttp v0.0.0-20171207120941-e5f51c11919d/go.mod h1:+g/po7GqyG5E+1CNgquiIxJnsXEi5vwFn5weFujbO78=
github.com/yuin/gopher-lua v0.0.0-20181008131706-f6fcaab0c612 h1:xQVhFpsxSKDgTNFDM99bwNrsxz5ozRCqcaZ3xbnnnUA=
github.com/yuin/gopher-lua v0.0.0-20181008131706-f6fcaab0c612/go.mod h1:aEV29XrmTYFr3CiRxZeGHpkvbwq+prZduBqMaascyCU=
